
Microsoft Visual Studio Solution File, Format Version 12.00
# Visual Studio Version 17
VisualStudioVersion = 17.5.33414.496
MinimumVisualStudioVersion = 10.0.40219.1
Project("{FAE04EC0-301F-11D3-BF4B-00C04F79EFBC}") = "EvaluationMenagerG10", "EvaluationMenagerG10\EvaluationMenagerG10.csproj", "{BACD50D0-EAE9-4887-80FA-B503AE6E98A4}"
EndProject
Global
	GlobalSection(SolutionConfigurationPlatforms) = preSolution
		Debug|Any CPU = Debug|Any CPU
		Release|Any CPU = Release|Any CPU
	EndGlobalSection
	GlobalSection(ProjectConfigurationPlatforms) = postSolution
		{BACD50D0-EAE9-4887-80FA-B503AE6E98A4}.Debug|Any CPU.ActiveCfg = Debug|Any CPU
		{BACD50D0-EAE9-4887-80FA-B503AE6E98A4}.Debug|Any CPU.Build.0 = Debug|Any CPU
		{BACD50D0-EAE9-4887-80FA-B503AE6E98A4}.Release|Any CPU.ActiveCfg = Release|Any CPU
		{BACD50D0-EAE9-4887-80FA-B503AE6E98A4}.Release|Any CPU.Build.0 = Release|Any CPU
	EndGlobalSection
	GlobalSection(SolutionProperties) = preSolution
		HideSolutionNode = FALSE
	EndGlobalSection
	GlobalSection(ExtensibilityGlobals) = postSolution
		SolutionGuid = {50FAC7CA-3FD8-4DD6-8123-FD696C5D6EA2}
	EndGlobalSection
EndGlobal
